
Microsoft Visual Studio Solution File, Format Version 12.00
# Visual Studio Version 17
VisualStudioVersion = 17.9.34622.214
MinimumVisualStudioVersion = 10.0.40219.1
Project("{FAE04EC0-301F-11D3-BF4B-00C04F79EFBC}") = "Practices.Calc", "Practices.Calc\Practices.Calc.csproj", "{78187E21-512E-4414-8B99-90DE7FC099E1}"
EndProject
Project("{FAE04EC0-301F-11D3-BF4B-00C04F79EFBC}") = "Practices.Tests", "Practices.Tests\Practices.Tests.csproj", "{4D87D005-A547-4050-A844-EC43B6BE824A}"
EndProject
Global
	GlobalSection(SolutionConfigurationPlatforms) = preSolution
		Debug|Any CPU = Debug|Any CPU
		Release|Any CPU = Release|Any CPU
	EndGlobalSection
	GlobalSection(ProjectConfigurationPlatforms) = postSolution
		{78187E21-512E-4414-8B99-90DE7FC099E1}.Debug|Any CPU.ActiveCfg = Debug|Any CPU
		{78187E21-512E-4414-8B99-90DE7FC099E1}.Debug|Any CPU.Build.0 = Debug|Any CPU
		{78187E21-512E-4414-8B99-90DE7FC099E1}.Release|Any CPU.ActiveCfg = Release|Any CPU
		{78187E21-512E-4414-8B99-90DE7FC099E1}.Release|Any CPU.Build.0 = Release|Any CPU
		{4D87D005-A547-4050-A844-EC43B6BE824A}.Debug|Any CPU.ActiveCfg = Debug|Any CPU
		{4D87D005-A547-4050-A844-EC43B6BE824A}.Debug|Any CPU.Build.0 = Debug|Any CPU
		{4D87D005-A547-4050-A844-EC43B6BE824A}.Release|Any CPU.ActiveCfg = Release|Any CPU
		{4D87D005-A547-4050-A844-EC43B6BE824A}.Release|Any CPU.Build.0 = Release|Any CPU
	EndGlobalSection
	GlobalSection(SolutionProperties) = preSolution
		HideSolutionNode = FALSE
	EndGlobalSection
	GlobalSection(ExtensibilityGlobals) = postSolution
		SolutionGuid = {1D673EDE-AD40-49B5-9B70-EE018A71A470}
	EndGlobalSection
EndGlobal
